
Microsoft Visual Studio Solution File, Format Version 12.00
# Visual Studio 15
VisualStudioVersion = 15.0.27703.2026
MinimumVisualStudioVersion = 10.0.40219.1
Project("{9A19103F-16F7-4668-BE54-9A1E7A4F7556}") = "Example.Api", "Example.Api\Example.Api.csproj", "{F83921CC-239F-4F22-A58D-DE1D9DC770DE}"
EndProject
Project("{9A19103F-16F7-4668-BE54-9A1E7A4F7556}") = "Example.Business", "Example.Business\Example.Business.csproj", "{7DF74175-0666-4ED5-8936-0E21D455C35D}"
EndProject
Project("{9A19103F-16F7-4668-BE54-9A1E7A4F7556}") = "Example.Repository", "Example.Repository\Example.Repository.csproj", "{51AF0B78-30D6-436A-B7E7-C818FCBF4EB4}"
EndProject
Project("{9A19103F-16F7-4668-BE54-9A1E7A4F7556}") = "Example.Business.Tests.Unit", "Example.Business.Tests.Unit\Example.Business.Tests.Unit.csproj", "{7E093795-B37F-4DED-8B50-C31EFD4B7290}"
EndProject
Project("{9A19103F-16F7-4668-BE54-9A1E7A4F7556}") = "Example.Domain", "Example.Domain\Example.Domain.csproj", "{D00DFB04-BE0C-497D-B357-B817D1BE132B}"
EndProject
Project("{9A19103F-16F7-4668-BE54-9A1E7A4F7556}") = "Example.Api.Tests.Unit", "Example.Api.Tests.Unit\Example.Api.Tests.Unit.csproj", "{64A895FC-DA58-401E-BCA7-1A4A2C21F961}"
EndProject
Project("{9A19103F-16F7-4668-BE54-9A1E7A4F7556}") = "Example.Helpers", "Example.Helpers\Example.Helpers.csproj", "{7C56A480-75DE-4D60-AC76-9D9D195E60A3}"
EndProject
Project("{9A19103F-16F7-4668-BE54-9A1E7A4F7556}") = "Example.Domain.Tests.Unit", "Example.Domain.Tests.Unit\Example.Domain.Tests.Unit.csproj", "{5D75FCEE-E5BB-4E83-BF0A-6CF118AD7E30}"
EndProject
Project("{9A19103F-16F7-4668-BE54-9A1E7A4F7556}") = "Example.Domain.Rules", "Example.Domain.Rules\Example.Domain.Rules.csproj", "{ACB3D1BA-B601-4CFF-B501-234DDDF9DC93}"
EndProject
Project("{9A19103F-16F7-4668-BE54-9A1E7A4F7556}") = "Example.Rules.Tests.Unit", "Example.Domain.Rules.Tests.Unit\Example.Rules.Tests.Unit.csproj", "{0EEEDA5A-2B7A-46EA-A86E-1E429ABCCB76}"
EndProject
Global
	GlobalSection(SolutionConfigurationPlatforms) = preSolution
		Debug|Any CPU = Debug|Any CPU
		Release|Any CPU = Release|Any CPU
	EndGlobalSection
	GlobalSection(ProjectConfigurationPlatforms) = postSolution
		{F83921CC-239F-4F22-A58D-DE1D9DC770DE}.Debug|Any CPU.ActiveCfg = Debug|Any CPU
		{F83921CC-239F-4F22-A58D-DE1D9DC770DE}.Debug|Any CPU.Build.0 = Debug|Any CPU
		{F83921CC-239F-4F22-A58D-DE1D9DC770DE}.Release|Any CPU.ActiveCfg = Release|Any CPU
		{F83921CC-239F-4F22-A58D-DE1D9DC770DE}.Release|Any CPU.Build.0 = Release|Any CPU
		{7DF74175-0666-4ED5-8936-0E21D455C35D}.Debug|Any CPU.ActiveCfg = Debug|Any CPU
		{7DF74175-0666-4ED5-8936-0E21D455C35D}.Debug|Any CPU.Build.0 = Debug|Any CPU
		{7DF74175-0666-4ED5-8936-0E21D455C35D}.Release|Any CPU.ActiveCfg = Release|Any CPU
		{7DF74175-0666-4ED5-8936-0E21D455C35D}.Release|Any CPU.Build.0 = Release|Any CPU
		{51AF0B78-30D6-436A-B7E7-C818FCBF4EB4}.Debug|Any CPU.ActiveCfg = Debug|Any CPU
		{51AF0B78-30D6-436A-B7E7-C818FCBF4EB4}.Debug|Any CPU.Build.0 = Debug|Any CPU
		{51AF0B78-30D6-436A-B7E7-C818FCBF4EB4}.Release|Any CPU.ActiveCfg = Release|Any CPU
		{51AF0B78-30D6-436A-B7E7-C818FCBF4EB4}.Release|Any CPU.Build.0 = Release|Any CPU
		{7E093795-B37F-4DED-8B50-C31EFD4B7290}.Debug|Any CPU.ActiveCfg = Debug|Any CPU
		{7E093795-B37F-4DED-8B50-C31EFD4B7290}.Debug|Any CPU.Build.0 = Debug|Any CPU
		{7E093795-B37F-4DED-8B50-C31EFD4B7290}.Release|Any CPU.ActiveCfg = Release|Any CPU
		{7E093795-B37F-4DED-8B50-C31EFD4B7290}.Release|Any CPU.Build.0 = Release|Any CPU
		{D00DFB04-BE0C-497D-B357-B817D1BE132B}.Debug|Any CPU.ActiveCfg = Debug|Any CPU
		{D00DFB04-BE0C-497D-B357-B817D1BE132B}.Debug|Any CPU.Build.0 = Debug|Any CPU
		{D00DFB04-BE0C-497D-B357-B817D1BE132B}.Release|Any CPU.ActiveCfg = Release|Any CPU
		{D00DFB04-BE0C-497D-B357-B817D1BE132B}.Release|Any CPU.Build.0 = Release|Any CPU
		{64A895FC-DA58-401E-BCA7-1A4A2C21F961}.Debug|Any CPU.ActiveCfg = Debug|Any CPU
		{64A895FC-DA58-401E-BCA7-1A4A2C21F961}.Debug|Any CPU.Build.0 = Debug|Any CPU
		{64A895FC-DA58-401E-BCA7-1A4A2C21F961}.Release|Any CPU.ActiveCfg = Release|Any CPU
		{64A895FC-DA58-401E-BCA7-1A4A2C21F961}.Release|Any CPU.Build.0 = Release|Any CPU
		{7C56A480-75DE-4D60-AC76-9D9D195E60A3}.Debug|Any CPU.ActiveCfg = Debug|Any CPU
		{7C56A480-75DE-4D60-AC76-9D9D195E60A3}.Debug|Any CPU.Build.0 = Debug|Any CPU
		{7C56A480-75DE-4D60-AC76-9D9D195E60A3}.Release|Any CPU.ActiveCfg = Release|Any CPU
		{7C56A480-75DE-4D60-AC76-9D9D195E60A3}.Release|Any CPU.Build.0 = Release|Any CPU
		{5D75FCEE-E5BB-4E83-BF0A-6CF118AD7E30}.Debug|Any CPU.ActiveCfg = Debug|Any CPU
		{5D75FCEE-E5BB-4E83-BF0A-6CF118AD7E30}.Debug|Any CPU.Build.0 = Debug|Any CPU
		{5D75FCEE-E5BB-4E83-BF0A-6CF118AD7E30}.Release|Any CPU.ActiveCfg = Release|Any CPU
		{5D75FCEE-E5BB-4E83-BF0A-6CF118AD7E30}.Release|Any CPU.Build.0 = Release|Any CPU
		{ACB3D1BA-B601-4CFF-B501-234DDDF9DC93}.Debug|Any CPU.ActiveCfg = Debug|Any CPU
		{ACB3D1BA-B601-4CFF-B501-234DDDF9DC93}.Debug|Any CPU.Build.0 = Debug|Any CPU
		{ACB3D1BA-B601-4CFF-B501-234DDDF9DC93}.Release|Any CPU.ActiveCfg = Release|Any CPU
		{ACB3D1BA-B601-4CFF-B501-234DDDF9DC93}.Release|Any CPU.Build.0 = Release|Any CPU
		{0EEEDA5A-2B7A-46EA-A86E-1E429ABCCB76}.Debug|Any CPU.ActiveCfg = Debug|Any CPU
		{0EEEDA5A-2B7A-46EA-A86E-1E429ABCCB76}.Debug|Any CPU.Build.0 = Debug|Any CPU
		{0EEEDA5A-2B7A-46EA-A86E-1E429ABCCB76}.Release|Any CPU.ActiveCfg = Release|Any CPU
		{0EEEDA5A-2B7A-46EA-A86E-1E429ABCCB76}.Release|Any CPU.Build.0 = Release|Any CPU
	EndGlobalSection
	GlobalSection(SolutionProperties) = preSolution
		HideSolutionNode = FALSE
	EndGlobalSection
	GlobalSection(ExtensibilityGlobals) = postSolution
		SolutionGuid = {E9AF368A-71E1-4570-B12E-E81CA01EAC13}
	EndGlobalSection
EndGlobal
