
Microsoft Visual Studio Solution File, Format Version 12.00
# Visual Studio 15
VisualStudioVersion = 15.0.27703.2026
MinimumVisualStudioVersion = 10.0.40219.1
Project("{FAE04EC0-301F-11D3-BF4B-00C04F79EFBC}") = "ExampleApi", "ExampleApi\ExampleApi.csproj", "{F83921CC-239F-4F22-A58D-DE1D9DC770DE}"
EndProject
Global
	GlobalSection(SolutionConfigurationPlatforms) = preSolution
		Debug|Any CPU = Debug|Any CPU
		Release|Any CPU = Release|Any CPU
	EndGlobalSection
	GlobalSection(ProjectConfigurationPlatforms) = postSolution
		{F83921CC-239F-4F22-A58D-DE1D9DC770DE}.Debug|Any CPU.ActiveCfg = Debug|Any CPU
		{F83921CC-239F-4F22-A58D-DE1D9DC770DE}.Debug|Any CPU.Build.0 = Debug|Any CPU
		{F83921CC-239F-4F22-A58D-DE1D9DC770DE}.Release|Any CPU.ActiveCfg = Release|Any CPU
		{F83921CC-239F-4F22-A58D-DE1D9DC770DE}.Release|Any CPU.Build.0 = Release|Any CPU
	EndGlobalSection
	GlobalSection(SolutionProperties) = preSolution
		HideSolutionNode = FALSE
	EndGlobalSection
	GlobalSection(ExtensibilityGlobals) = postSolution
		SolutionGuid = {E9AF368A-71E1-4570-B12E-E81CA01EAC13}
	EndGlobalSection
EndGlobal
